version = 1
revision = 3
requires-python = ">=3.11"

[[package]]
name = "arc-data-model-python-tests"
version = "0.0.0"
source = { virtual = "." }
dependencies = [
    { name = "fable-library" },
    { name = "openpyxl" },
]

[package.metadata]
requires-dist = [
    { name = "fable-library", specifier = "==5.6.0" },
    { name = "openpyxl", specifier = ">=3.1.5,<4" },
]

[[package]]
name = "et-xmlfile"
version = "2.0.0"
source = { registry = "https://pypi.org/simple" }
sdist = { url = "https://files.pythonhosted.org/packages/d3/38/af70d7ab1ae9d4da450eeec1fa3918940a5fafb9055e934af8d6eb0c2313/et_xmlfile-2.0.0.tar.gz", hash = "sha256:dab3f4764309081ce75662649be815c4c9081e88f0837825f90fd28317d4da54", size = 17234, upload-time = "2024-10-25T17:25:40.039Z" }
wheels = [
    { url = "https://files.pythonhosted.org/packages/c1/8b/5fe2cc11fee489817272089c4203e679c63b570a5aaeb18d852ae3cbba6a/et_xmlfile-2.0.0-py3-none-any.whl", hash = "sha256:7a91720bc756843502c3b7504c77b8fe44217c85c537d85037f0f536151b2caa", size = 18059, upload-time = "2024-10-25T17:25:39.051Z" },
]

[[package]]
name = "fable-library"
version = "5.6.0"
source = { registry = "https://pypi.org/simple" }
sdist = { url = "https://files.pythonhosted.org/packages/41/18/90eb2ef279d76b145cc3a86faa9016537ed67345f375127dca2f3409743e/fable_library-5.6.0.tar.gz", hash = "sha256:102ec5c2a940e1d97a475b0bade88d1ddfa629f368a6027c4aca8849ab4a3c7c", size = 225783, upload-time = "2026-07-05T12:45:28.511Z" }
wheels = [
    { url = "https://files.pythonhosted.org/packages/07/ee/ff23cc757e7817b5261a44b0a4baceb85d377b184ef6bf0eee7a79701781/fable_library-5.6.0-cp311-cp311-macosx_10_12_x86_64.whl", hash = "sha256:6fd20ac908c149e64820dc737c136337b5af7f8984388c62e3b82a89a7d81616", size = 1690556, upload-time = "2026-07-05T12:43:25.352Z" },
    { url = "https://files.pythonhosted.org/packages/7c/55/efcfea45d50529df2d753f269db558161ed4412f7846960e3d6656e4fa07/fable_library-5.6.0-cp311-cp311-macosx_11_0_arm64.whl", hash = "sha256:f768c97e2915b31e7b6baa559886cfa360b6c466416a15048c9dee96771d24f1", size = 1648423, upload-time = "2026-07-05T12:43:26.615Z" },
    { url = "https://files.pythonhosted.org/packages/14/3e/d3450634688f1e4066eca0e2d3e7c1a7652ea78010a48b480263f9ad8d11/fable_library-5.6.0-cp311-cp311-manylinux_2_17_aarch64.manylinux2014_aarch64.whl", hash = "sha256:149acdc51a1883699ea1900cf29cb3b354f01ca496cedcea13f329e5036ffda1", size = 1756811, upload-time = "2026-07-05T12:43:27.974Z" },
    { url = "https://files.pythonhosted.org/packages/70/8f/6fc97e72a102ea110211db9b5a1450e23ec6b38cd26dea2c1d8b227f0e33/fable_library-5.6.0-cp311-cp311-manylinux_2_17_armv7l.manylinux2014_armv7l.whl", hash = "sha256:dd2f3928572dbb945cfb1d40779f02c5ea4e9a86ef00ec145c7d92e0a93fd3dc", size = 1714903, upload-time = "2026-07-05T12:43:29.606Z" },
    { url = "https://files.pythonhosted.org/packages/a2/b2/c239cfc422a83a3753492f3575b9f0e591ac1ebe5bd4d8b67fb990b00c93/fable_library-5.6.0-cp311-cp311-manylinux_2_17_ppc64le.manylinux2014_ppc64le.whl", hash = "sha256:7e5c34a62a1da83a968f5a542ce7c84011a6d92f7f882f45a390c85e29b796f7", size = 1926300, upload-time = "2026-07-05T12:43:31.055Z" },
    { url = "https://files.pythonhosted.org/packages/f1/fe/5625ebe1ebdb88b7b4d4688fec84546bfe3d9d08834b7edaae1117b22a5f/fable_library-5.6.0-cp311-cp311-manylinux_2_17_s390x.manylinux2014_s390x.whl", hash = "sha256:79282d20fa73844364cb59eaa83fa11f30de141ec0d4a3a258ac088e56b7ffce", size = 1854302, upload-time = "2026-07-05T12:43:32.388Z" },
    { url = "https://files.pythonhosted.org/packages/54/aa/09b8ba1f71f637906ba4094e288f45ebb3bee60b6aaab9e4f44b1d6ded83/fable_library-5.6.0-cp311-cp311-manylinux_2_17_x86_64.manylinux2014_x86_64.whl", hash = "sha256:c8a3d192c6ad62d5572cfa978b26cdf040562b8dab9bbbe30027a7d26c1a28df", size = 1762451, upload-time = "2026-07-05T12:43:33.734Z" },
    { url = "https://files.pythonhosted.org/packages/30/3b/ddc6935d82e80d4edfe48b1c2accc2b9037587410890ccc17a4df4bd498c/fable_library-5.6.0-cp311-cp311-manylinux_2_5_i686.manylinux1_i686.whl", hash = "sha256:4f10e88cfd1967ceb43c937b6b2d40d6b55ab5630db06760da4c45ff9facafbe", size = 1861874, upload-time = "2026-07-05T12:43:35.075Z" },
    { url = "https://files.pythonhosted.org/packages/22/ea/3b6bc15ea6e2b8d1edd3ef1075dcc4ad6847a085c778899b3589bc5563d1/fable_library-5.6.0-cp311-cp311-musllinux_1_2_aarch64.whl", hash = "sha256:62df06b650a802320f57724b7f418b66e6f83fd08642cbd8a386882368c32e2c", size = 1934294, upload-time = "2026-07-05T12:43:36.535Z" },
    { url = "https://files.pythonhosted.org/packages/2c/50/01932821144ffce2e8ca4cbc4a84f6b641c516388dc5484f7bfd6ef83cf1/fable_library-5.6.0-cp311-cp311-musllinux_1_2_armv7l.whl", hash = "sha256:6d9bb36893392fe9a701bd437e93ef4f0f59d4c8f5b9d8bb9e3072a98542c7e4", size = 1987843, upload-time = "2026-07-05T12:43:38.447Z" },
    { url = "https://files.pythonhosted.org/packages/fe/b2/cfca9b258b5f70fc2980ed02e7ea972256f63c28bbaa89c968bae131f22a/fable_library-5.6.0-cp311-cp311-musllinux_1_2_i686.whl", hash = "sha256:2482022692274124cee7ef7953c1f07b1c9090934ce66ed72c49ee4bf0b60457", size = 2016501, upload-time = "2026-07-05T12:43:39.823Z" },
    { url = "https://files.pythonhosted.org/packages/a8/2b/d98f7fe5d8ed219404c1411bd2b465f6210179c5e5d3e4e6b7cf910d2b84/fable_library-5.6.0-cp311-cp311-musllinux_1_2_x86_64.whl", hash = "sha256:2fb356a2fb11a5c730fa0c8236b49c0f1e08c025fe0789f9f465021967458654", size = 2027319, upload-time = "2026-07-05T12:43:41.27Z" },
    { url = "https://files.pythonhosted.org/packages/08/69/a4c43b4c987b67bf9eed4b0aa31148500014e2ea80653d17a841e7c9d7fb/fable_library-5.6.0-cp311-cp311-win_amd64.whl", hash = "sha256:49673b585702f216a068d99017b36ecfe902a1d7a11ed37edfe2b56670eae841", size = 1489418, upload-time = "2026-07-05T12:43:42.651Z" },
    { url = "https://files.pythonhosted.org/packages/7e/ad/b649f42d94d0809bea05008a0528d97add995a44806e146f6d6938bb8d3e/fable_library-5.6.0-cp312-cp312-macosx_10_12_x86_64.whl", hash = "sha256:3fc1f1619f41858811dbaf519c8fb6cd82b625ea5e5b0641c5244b9b12f8586c", size = 1709694, upload-time = "2026-07-05T12:43:44.403Z" },
    { url = "https://files.pythonhosted.org/packages/66/44/ddf67317e7fef49a54c56bb776aa76883e48be122c9072f8ecbc289f1c04/fable_library-5.6.0-cp312-cp312-macosx_11_0_arm64.whl", hash = "sha256:bc14874868b1e04519061c874ee60f1366181d13176cca8e4ea4b179a340344d", size = 1625510, upload-time = "2026-07-05T12:43:45.862Z" },
    { url = "https://files.pythonhosted.org/packages/0e/5e/2ccafd297100d3007e320903c6aa7c732c4d08a8151bf39b4aaf42e89105/fable_library-5.6.0-cp312-cp312-manylinux_2_17_aarch64.manylinux2014_aarch64.whl", hash = "sha256:3567582b2cfb079a34dc7cc9d3e9d0142af0b6ca60f66cae91f8c84841544453", size = 1741782, upload-time = "2026-07-05T12:43:47.504Z" },
    { url = "https://files.pythonhosted.org/packages/b5/61/d362ff73811afd5179840f52c9a85f62097641619a129c05e270167a7c50/fable_library-5.6.0-cp312-cp312-manylinux_2_17_armv7l.manylinux2014_armv7l.whl", hash = "sha256:8d4685d38148b886835604dd601eab1306a78ccbbf8125c4a7172a1d2d102e6d", size = 1703711, upload-time = "2026-07-05T12:43:49.115Z" },
    { url = "https://files.pythonhosted.org/packages/fa/12/2a2c0a817a72ca593dcb736e3532e78a526c2b21a5d0fe0d6fe15a6c272d/fable_library-5.6.0-cp312-cp312-manylinux_2_17_ppc64le.manylinux2014_ppc64le.whl", hash = "sha256:ffcc96c1c43b44cd759a633ff8b0619f8b7d938acbf3dbefb59264a03c387427", size = 1915199, upload-time = "2026-07-05T12:43:50.604Z" },
    { url = "https://files.pythonhosted.org/packages/03/fe/154d7876677830bf468330fac1fc5aa7a7d460e528cd31b6eb4baef6cc9d/fable_library-5.6.0-cp312-cp312-manylinux_2_17_s390x.manylinux2014_s390x.whl", hash = "sha256:918bb0d92d019e1d8066d80eee2ead18e8ebc4a116729ee4b16e3d7a15bbd62c", size = 1849072, upload-time = "2026-07-05T12:43:51.908Z" },
    { url = "https://files.pythonhosted.org/packages/50/a0/a1bd2b1beb5e10fc8a30eb2bfef8aba6124f215a9b6f7c46c5ad36b66ff6/fable_library-5.6.0-cp312-cp312-manylinux_2_17_x86_64.manylinux2014_x86_64.whl", hash = "sha256:d4f514e0b869ff26556cafbe6b753b304a777a6a5a4cd87782dd9c3e1f04fde9", size = 1753509, upload-time = "2026-07-05T12:43:53.168Z" },
    { url = "https://files.pythonhosted.org/packages/38/90/9ae9f0d80044ea3658bfc490d0538e5808000939e3fefed794a0ac45741d/fable_library-5.6.0-cp312-cp312-manylinux_2_5_i686.manylinux1_i686.whl", hash = "sha256:1d16e2051bfe88b6159907e81c4915bd3ea584c9cb3ed9fea0e7f70a445456a7", size = 1843240, upload-time = "2026-07-05T12:43:54.798Z" },
    { url = "https://files.pythonhosted.org/packages/e1/0d/bacecb248e784f16a2259506953b62a8ebf48763de251abc0acd925d32cf/fable_library-5.6.0-cp312-cp312-musllinux_1_2_aarch64.whl", hash = "sha256:31ceda59abad1a2557444744772e673ce0616347800fd9ce3443a79326f95691", size = 1921474, upload-time = "2026-07-05T12:43:56.598Z" },
    { url = "https://files.pythonhosted.org/packages/09/0f/df83ef7d14e4975f03792994538651f1406daa1b0895f43a7290b2b045e8/fable_library-5.6.0-cp312-cp312-musllinux_1_2_armv7l.whl", hash = "sha256:7961b6f9d76f58d3926f529944452a05835c3385d0f078f50b28a5e5aa4683f9", size = 1979935, upload-time = "2026-07-05T12:43:58.141Z" },
    { url = "https://files.pythonhosted.org/packages/57/e2/6d13ea7302c798681443595cc78c6bddcd91475a76f429f98ddcf1fda724/fable_library-5.6.0-cp312-cp312-musllinux_1_2_i686.whl", hash = "sha256:2f916c1771a2c22e721bf8dfadf0e737a06fab245430109e2568cb739c9c5e88", size = 1997492, upload-time = "2026-07-05T12:43:59.443Z" },
    { url = "https://files.pythonhosted.org/packages/55/1a/f5492bb24576c0ea2a0432115f1d59d795159e73e86df7323099acc60c51/fable_library-5.6.0-cp312-cp312-musllinux_1_2_x86_64.whl", hash = "sha256:5115049cbc360631ba5caf9cca82defb1c9547fa722e3989fa411a074e36fff5", size = 2017603, upload-time = "2026-07-05T12:44:00.872Z" },
    { url = "https://files.pythonhosted.org/packages/0d/80/547ea24b994f2dabc5d45cdd1b337805019ff29af11b6dc26e95c419b48a/fable_library-5.6.0-cp312-cp312-win_amd64.whl", hash = "sha256:4a454ec1201c575cb239973f32c792445f73a08bf953499a33f008c1e742c331", size = 1482495, upload-time = "2026-07-05T12:44:02.607Z" },
    { url = "https://files.pythonhosted.org/packages/34/78/ab1c34f6f97b362043fba373992b52eb910f8e38b2b993f4843c14e9573c/fable_library-5.6.0-cp313-cp313-macosx_10_12_x86_64.whl", hash = "sha256:6192cfe981d152c03378b7519e728a1d029b318156414c348fd431a2c84cf960", size = 1709695, upload-time = "2026-07-05T12:44:04.119Z" },
    { url = "https://files.pythonhosted.org/packages/4c/28/b27e268e9eb0f04432fc1b6f480b39836b6a7e13ab7a7508d26b99b01ce5/fable_library-5.6.0-cp313-cp313-macosx_11_0_arm64.whl", hash = "sha256:263de7bc2f2eee32d8734437edca9116a58044b4edd825efb3ddf11387c4a55f", size = 1626027, upload-time = "2026-07-05T12:44:05.574Z" },
    { url = "https://files.pythonhosted.org/packages/0c/f9/8442202715bfa1ed39c579c1a071b2b434a73245357f00a5d87a5721a5b1/fable_library-5.6.0-cp313-cp313-manylinux_2_17_aarch64.manylinux2014_aarch64.whl", hash = "sha256:9c0739802502e9298d7f5df12794118a72e6b34bbc495b69fb6022a26fb2c002", size = 1741261, upload-time = "2026-07-05T12:44:07.179Z" },
    { url = "https://files.pythonhosted.org/packages/ce/cf/571eba0b5844ff7a91b537ad9cda7c29dc2bcea5f6a1874937299caba445/fable_library-5.6.0-cp313-cp313-manylinux_2_17_armv7l.manylinux2014_armv7l.whl", hash = "sha256:287106b17ace8730500527adce595d94cb8735d2da210c37251ec534dffa054d", size = 1703091, upload-time = "2026-07-05T12:44:08.767Z" },
    { url = "https://files.pythonhosted.org/packages/3f/e1/03b43a8b98ad261234a764ad3de54e43ad034ba0cec79edc794a2cae5cf4/fable_library-5.6.0-cp313-cp313-manylinux_2_17_ppc64le.manylinux2014_ppc64le.whl", hash = "sha256:1515f334f6e198afd968a5eca6c9644821e3600a3beb69f5ea351c73d6812b3a", size = 1914896, upload-time = "2026-07-05T12:44:11.062Z" },
    { url = "https://files.pythonhosted.org/packages/11/d0/a6cda2c375dc7b3dab8534d4bde234445aa186ef3a330c5815c81738d478/fable_library-5.6.0-cp313-cp313-manylinux_2_17_s390x.manylinux2014_s390x.whl", hash = "sha256:7462c31b8f4a11bf7970d1deb4fe42638207fb6a63d57a029b73a6d7326acc59", size = 1848837, upload-time = "2026-07-05T12:44:12.588Z" },
    { url = "https://files.pythonhosted.org/packages/05/4c/f5e69184d3a0594a37f3f268510ce4fc45cadc0cb68e93302da4b0b82ed9/fable_library-5.6.0-cp313-cp313-manylinux_2_17_x86_64.manylinux2014_x86_64.whl", hash = "sha256:5c3e7f541a88e6f7374364cfcf4118e78127dba907ba112cc1e96e5fa9189516", size = 1752643, upload-time = "2026-07-05T12:44:14.025Z" },
    { url = "https://files.pythonhosted.org/packages/e7/6c/de37fc9f7fa82b3cd295acbb0ad1530211c6d239c736e5e49959e7c4422d/fable_library-5.6.0-cp313-cp313-manylinux_2_5_i686.manylinux1_i686.whl", hash = "sha256:a4ea5126ae2b87363b33c03a9c9a3db36fb6eea03473e64be0da0d1921e3d065", size = 1843520, upload-time = "2026-07-05T12:44:15.492Z" },
    { url = "https://files.pythonhosted.org/packages/0c/08/8ecd080abe9f1a19a222ea3ab6de0d060008f83603286bda9d8288031eeb/fable_library-5.6.0-cp313-cp313-musllinux_1_2_aarch64.whl", hash = "sha256:958db1940a085eb2e4a0d4bbbdf185f2ce266a533777bb96db8ff2ab54caab43", size = 1921746, upload-time = "2026-07-05T12:44:18.179Z" },
    { url = "https://files.pythonhosted.org/packages/0f/60/82caca4a05391519bbca66a2412ebd8c171a0bb2179eb6a63f49a4b3e8c4/fable_library-5.6.0-cp313-cp313-musllinux_1_2_armv7l.whl", hash = "sha256:64a8706bc2aa43eec976fe55f72f36f0f256325087c37ffda7d8e52b40a86f91", size = 1979701, upload-time = "2026-07-05T12:44:19.688Z" },
    { url = "https://files.pythonhosted.org/packages/26/2c/9914b29f2dfc428398b591e31dc0169a8ccc8c50495a2dcb78eee0875f9a/fable_library-5.6.0-cp313-cp313-musllinux_1_2_i686.whl", hash = "sha256:430fa2bc066be4c502a2d5dbb45dd016570a0941fd5c7da2f3c46eb8066b501b", size = 1997599, upload-time = "2026-07-05T12:44:21.131Z" },
    { url = "https://files.pythonhosted.org/packages/cb/9c/c19bfa2075657f0d1a997e11a13f4750a919db8437713acb2fc8ee584721/fable_library-5.6.0-cp313-cp313-musllinux_1_2_x86_64.whl", hash = "sha256:908437d643ae0b680ca42bd7e78c4bedde692556e97e1cf5d233992b40c53489", size = 2017223, upload-time = "2026-07-05T12:44:22.688Z" },
    { url = "https://files.pythonhosted.org/packages/e4/eb/a1b1c6599b0f95ae97291efc434e5b76749aab14694c67d9e1801aa6ac83/fable_library-5.6.0-cp313-cp313-win_amd64.whl", hash = "sha256:664e743541370a51b7ccb2a3d3bc3e69986f2381c961e6369e4e9eae0fe73dca", size = 1482211, upload-time = "2026-07-05T12:44:24.06Z" },
    { url = "https://files.pythonhosted.org/packages/d7/eb/f1593c99087a47bd876aee7d534d0e0ac7662e602563210112da889b5170/fable_library-5.6.0-cp314-cp314-macosx_10_12_x86_64.whl", hash = "sha256:3e365e38c1080305333397dcece4079978fa913b0e89005cad12c07d757c829e", size = 1710365, upload-time = "2026-07-05T12:44:25.592Z" },
    { url = "https://files.pythonhosted.org/packages/d6/94/258ccea49774477669ca1159b60d4e4c5200ca3675e1dcb1d88ca153f3e4/fable_library-5.6.0-cp314-cp314-macosx_11_0_arm64.whl", hash = "sha256:c0e62d6b8958dd019f966825bb234f857477ff956210e538698311e3b3381a9a", size = 1627520, upload-time = "2026-07-05T12:44:27.851Z" },
    { url = "https://files.pythonhosted.org/packages/61/2c/eac7c44565e1b9fe9c90b75dafe4711d19b57905925a5e72aa960426b6e1/fable_library-5.6.0-cp314-cp314-manylinux_2_17_aarch64.manylinux2014_aarch64.whl", hash = "sha256:ac5233fca30423ba7588cc25a3cb7a42f14d5b0645d4d4b6761f585ed870088a", size = 1741334, upload-time = "2026-07-05T12:44:29.492Z" },
    { url = "https://files.pythonhosted.org/packages/47/3a/7629a67a0026762cee9d57850b183523c614c114e3b192222033a23299a1/fable_library-5.6.0-cp314-cp314-manylinux_2_17_armv7l.manylinux2014_armv7l.whl", hash = "sha256:c9fb39a09e88988a89437c57b4bfac06aefdd78e6b9a9b8a8bacb74ec177ad7c", size = 1706119, upload-time = "2026-07-05T12:44:30.951Z" },
    { url = "https://files.pythonhosted.org/packages/78/d9/9779310eb57d322db3baf0dc01e797444a906e7adf5939a7983812fc77e0/fable_library-5.6.0-cp314-cp314-manylinux_2_17_ppc64le.manylinux2014_ppc64le.whl", hash = "sha256:a6adced2a547df50f328527db2eca7be13ab579b32e0b34e87b3100e9661a28a", size = 1911320, upload-time = "2026-07-05T12:44:32.581Z" },
    { url = "https://files.pythonhosted.org/packages/d2/b2/05f4921f554aa4d0893606304674facc8585ecbc3de06546140fe5b994b1/fable_library-5.6.0-cp314-cp314-manylinux_2_17_s390x.manylinux2014_s390x.whl", hash = "sha256:baf42d8e06a48f85e8a8bf91a392e2c3fb630af2805dccb9f46b60891e06415a", size = 1844726, upload-time = "2026-07-05T12:44:34.302Z" },
    { url = "https://files.pythonhosted.org/packages/49/b0/f10c845c5805fa2faaefb801f463fa33ef45b11f66710df0aae59f638ca1/fable_library-5.6.0-cp314-cp314-manylinux_2_17_x86_64.manylinux2014_x86_64.whl", hash = "sha256:ff8bb2d1cd03536be8a76e28cb3498f0a5f6c9d34611e6a76e16b85a4c2dfa83", size = 1755248, upload-time = "2026-07-05T12:44:35.912Z" },
    { url = "https://files.pythonhosted.org/packages/2b/a1/7c4ba287eac73468fe5fdf1281b353707f821d15a20d1cea68f3ba4e279d/fable_library-5.6.0-cp314-cp314-manylinux_2_5_i686.manylinux1_i686.whl", hash = "sha256:0aaa9f40aa56adabbf305ad19cffa3f4a09ca56db047cdcf4a7df2d6ec1c2b21", size = 1847005, upload-time = "2026-07-05T12:44:37.529Z" },
    { url = "https://files.pythonhosted.org/packages/c4/db/9449f5cd9b751a54c2f7e110b7745d808968c3bb211cb15548de169743a0/fable_library-5.6.0-cp314-cp314-musllinux_1_2_aarch64.whl", hash = "sha256:4601b9adb51b089f16ba39cd769dc1f06da975652532f0420e84e0f209f13f6f", size = 1921639, upload-time = "2026-07-05T12:44:39.06Z" },
    { url = "https://files.pythonhosted.org/packages/2b/10/d1475bdc8fe7497831a7d7f5e70295cf16f98c2e8c15bdefdbb82caffe89/fable_library-5.6.0-cp314-cp314-musllinux_1_2_armv7l.whl", hash = "sha256:071158cd3e771fb1726b79afbdf82c646de5f6f733e7b405bd9d9be878da911f", size = 1982152, upload-time = "2026-07-05T12:44:40.55Z" },
    { url = "https://files.pythonhosted.org/packages/87/5a/97208a25cb2c599292e7122e1617bf46926fe57ad0b550b95cd803b58988/fable_library-5.6.0-cp314-cp314-musllinux_1_2_i686.whl", hash = "sha256:714e3805291a160f4d25e4504eb1e8b2114e5817b607cf8833ee9403d3a8af54", size = 2001526, upload-time = "2026-07-05T12:44:42.058Z" },
    { url = "https://files.pythonhosted.org/packages/f0/17/60a418b051cc49cf3811a3ded2fa004cfae22a52507b58b781ec478fd198/fable_library-5.6.0-cp314-cp314-musllinux_1_2_x86_64.whl", hash = "sha256:1f730a5d6bc2a29a9a8d43d475eb97c94b7306e505388de7c3dd1d2bdbcff1d7", size = 2018458, upload-time = "2026-07-05T12:44:43.623Z" },
    { url = "https://files.pythonhosted.org/packages/63/c6/6f67bde864b558b9bf6f1c8dadfbdf0e81df758afe569d0df65582cb5351/fable_library-5.6.0-cp314-cp314-win32.whl", hash = "sha256:e39f1046b34a95d9f617623446c826b46ff8713380e0df1a863ffe8a22552df2", size = 1329883, upload-time = "2026-07-05T12:44:45.038Z" },
    { url = "https://files.pythonhosted.org/packages/f4/d7/a181a27aaec87caacfb6dbbe260a175660544783fd5db92b0cf9839a2b7b/fable_library-5.6.0-cp314-cp314-win_amd64.whl", hash = "sha256:f35ea68247e61e1ee2d9b9278a12c75f6bbf62096b364a165f4718d2b91864eb", size = 1483541, upload-time = "2026-07-05T12:44:46.494Z" },
    { url = "https://files.pythonhosted.org/packages/7c/8a/5a6b4b8f71a49528f93aa8432ac5592c7ee884d942f40974206ef18d5641/fable_library-5.6.0-cp314-cp314t-manylinux_2_17_aarch64.manylinux2014_aarch64.whl", hash = "sha256:939b511c7d979fff1760b4aa871148984d54eeaee8448aa46b5d2a5d0b4f602d", size = 1757479, upload-time = "2026-07-05T12:44:48.024Z" },
    { url = "https://files.pythonhosted.org/packages/c7/58/1c4ec402fd0878ac2f89ccd96b2aaaf372fcefb9ad449e01cad8ca06a8e6/fable_library-5.6.0-cp314-cp314t-manylinux_2_17_armv7l.manylinux2014_armv7l.whl", hash = "sha256:7424e51515f985b44c7f53a4b196e13e34ef913d75138af18def986303a7081c", size = 1725425, upload-time = "2026-07-05T12:44:49.439Z" },
    { url = "https://files.pythonhosted.org/packages/f1/cc/6142aa3f904884e00bff095fbc9ebc853bb505876f035d089f483938b450/fable_library-5.6.0-cp314-cp314t-manylinux_2_17_ppc64le.manylinux2014_ppc64le.whl", hash = "sha256:a28bfc4884d8b1f6b805ea83964d9b3fcd1e6c0b292093a779116bc27fd81428", size = 1933093, upload-time = "2026-07-05T12:44:51.163Z" },
    { url = "https://files.pythonhosted.org/packages/3c/ed/1ac4c7cc47e88746535df29335374f51c59b8d182659b68ec6d9b010f160/fable_library-5.6.0-cp314-cp314t-manylinux_2_17_s390x.manylinux2014_s390x.whl", hash = "sha256:a55d784f39fafa0f62d97cef6c68cacb8cc212a29c00a0f49b03ddccedb50ff7", size = 1871681, upload-time = "2026-07-05T12:44:52.663Z" },
    { url = "https://files.pythonhosted.org/packages/12/20/0ba05f9bcba1a49075eba1746d5e11bf136e8ffb96859153ea617cf4237e/fable_library-5.6.0-cp314-cp314t-manylinux_2_17_x86_64.manylinux2014_x86_64.whl", hash = "sha256:292b35a7e8164abb3f0e9e7394da5d304d7d58ae6b0226ba76e404bdf7cdec54", size = 1776523, upload-time = "2026-07-05T12:44:54.123Z" },
    { url = "https://files.pythonhosted.org/packages/50/e2/5217b1e2eee083686e19f2daafa2a34d17ff60fa48a7b0809a4aa7dcbca1/fable_library-5.6.0-cp314-cp314t-manylinux_2_5_i686.manylinux1_i686.whl", hash = "sha256:4459b06f1ba9410985d5084ffc2f16c354e700b9c914408934f51d31d6b0475d", size = 1869920, upload-time = "2026-07-05T12:44:55.942Z" },
    { url = "https://files.pythonhosted.org/packages/76/9c/17969a5d7e5b21e84045165c5c49fa43e5429179cf82df16b2260dff6a4b/fable_library-5.6.0-cp314-cp314t-musllinux_1_2_aarch64.whl", hash = "sha256:b5a912df44172d91799cdbbf87893868b06efa70bf3be81f7302d6df13c98797", size = 1937195, upload-time = "2026-07-05T12:44:57.926Z" },
    { url = "https://files.pythonhosted.org/packages/de/e1/d60b6a4f323d3b57f332378a56f302631f082287537dc9b6a400094d3d8c/fable_library-5.6.0-cp314-cp314t-musllinux_1_2_armv7l.whl", hash = "sha256:9c59e53ddd44a7ed50063c034bf35b554c75bdd025bf9917ee098860ac2070ab", size = 2001384, upload-time = "2026-07-05T12:44:59.564Z" },
    { url = "https://files.pythonhosted.org/packages/0b/68/da5a4140e2d0d1c8314c1a9dd9bf4c2cd0ebca83543158ce609d73068e11/fable_library-5.6.0-cp314-cp314t-musllinux_1_2_i686.whl", hash = "sha256:4fd99928a3194b8148c7226c4eec02ea8ef073757456d1c3f9657ebeabbabc38", size = 2021714, upload-time = "2026-07-05T12:45:01.226Z" },
    { url = "https://files.pythonhosted.org/packages/4a/71/82da905cb3e1560c1dc9c512576fc6b260be5bd6bdb68f5ef5c4c0dba279/fable_library-5.6.0-cp314-cp314t-musllinux_1_2_x86_64.whl", hash = "sha256:d21796a4419bb1fe7756c1a91e72bc79c305579cf38c5567b2fab2e438f06130", size = 2040035, upload-time = "2026-07-05T12:45:02.653Z" },
    { url = "https://files.pythonhosted.org/packages/33/7f/4dc4e65eaa915e6dd512c89f3ea9af4ba5b93b50f7a4398a0fd2175a2bc9/fable_library-5.6.0-cp315-cp315-manylinux_2_17_x86_64.manylinux2014_x86_64.whl", hash = "sha256:32c3fc705b4920a7b58ac164f8ab40ebd8d9f83fd2dcf64c79c90fc7fb632ba6", size = 1755535, upload-time = "2026-07-05T12:45:04.347Z" },
    { url = "https://files.pythonhosted.org/packages/69/b9/46ea8116284b4cf5c9465a9032cdd44542c0616115c18814031d6a7b7eef/fable_library-5.6.0-cp315-cp315-manylinux_2_5_i686.manylinux1_i686.whl", hash = "sha256:473be433d827fa5c2f4b6b6ab4d5806040f6c73890d3a813bba9d6ce88aa8ca1", size = 1847256, upload-time = "2026-07-05T12:45:06.009Z" },
    { url = "https://files.pythonhosted.org/packages/da/4b/f6ff5de7622bc51d75e681d2f91649198293266b3702d6820f6fa9542983/fable_library-5.6.0-cp315-cp315t-manylinux_2_17_x86_64.manylinux2014_x86_64.whl", hash = "sha256:6a04806701c0a41e5f477b20cd3516311517e05cbfd16546d904e7f3219a116b", size = 1776535, upload-time = "2026-07-05T12:45:07.579Z" },
    { url = "https://files.pythonhosted.org/packages/d3/c7/c2fe16d323a4f173b54be43309eaf4b92fa92b4a588fbb1cb3c75e773372/fable_library-5.6.0-cp315-cp315t-manylinux_2_5_i686.manylinux1_i686.whl", hash = "sha256:33c913eaf08d42aa52a45651243578c372071cbef168ee97dfe03a0adbbe6382", size = 1871221, upload-time = "2026-07-05T12:45:09.395Z" },
    { url = "https://files.pythonhosted.org/packages/93/d4/2d3d6643cbbf18d3b0b11de09fc5933bd9fd67fbccd5dab63ec625c68492/fable_library-5.6.0-pp311-pypy311_pp73-manylinux_2_17_aarch64.manylinux2014_aarch64.whl", hash = "sha256:7b88ed50bcf95ea050d61dea51d6577b1f6128ee684b8e5699adc023a1b8553b", size = 1761452, upload-time = "2026-07-05T12:45:11.152Z" },
    { url = "https://files.pythonhosted.org/packages/32/9a/1a302f8326a1120b8eaf3bb36541c09be9279807d1a7b5920ba71540afbd/fable_library-5.6.0-pp311-pypy311_pp73-manylinux_2_17_armv7l.manylinux2014_armv7l.whl", hash = "sha256:72096bfabadf89d875213bdb223c5661274c9d4b2fc775a49be1d7eca2967c1d", size = 1724818, upload-time = "2026-07-05T12:45:13.151Z" },
    { url = "https://files.pythonhosted.org/packages/71/72/ff5bd6f56012dd7c479017526d502e40c6aee062c1e027656ffa1d2bf761/fable_library-5.6.0-pp311-pypy311_pp73-manylinux_2_17_ppc64le.manylinux2014_ppc64le.whl", hash = "sha256:11adde4cffbd8542eba2a0d868cd3e297ffc7340e46d67828c6f422590a07bbb", size = 1935243, upload-time = "2026-07-05T12:45:15.159Z" },
    { url = "https://files.pythonhosted.org/packages/e4/41/7c3e05b9a20dd30bc0779b209e08081852093364d1c8d532bf8878d3b6f9/fable_library-5.6.0-pp311-pypy311_pp73-manylinux_2_17_s390x.manylinux2014_s390x.whl", hash = "sha256:a953ccbc06f0b655e125bcee14d10feb0dcc6023ada8b671dc3fe8fc47d31626", size = 1862858, upload-time = "2026-07-05T12:45:16.692Z" },
    { url = "https://files.pythonhosted.org/packages/07/cf/9aa0308878b12bbdc5e379254565845d6c87533d8d4c4aecb72ddee2f419/fable_library-5.6.0-pp311-pypy311_pp73-manylinux_2_17_x86_64.manylinux2014_x86_64.whl", hash = "sha256:a7115f236362447d27caf4f98c923da80bfa63f844b4aad1ba4eb6cea0a6d6ed", size = 1770675, upload-time = "2026-07-05T12:45:18.25Z" },
    { url = "https://files.pythonhosted.org/packages/ff/9a/e2a8bc9cfbc2583d6e6997cecd5aeb12792f64128b1a4998216f7a4c5a3a/fable_library-5.6.0-pp311-pypy311_pp73-manylinux_2_5_i686.manylinux1_i686.whl", hash = "sha256:4cae300055768ae08d0b845f5bfebb23d05656cfae5f3689e10773e595da6ff1", size = 1871919, upload-time = "2026-07-05T12:45:19.791Z" },
    { url = "https://files.pythonhosted.org/packages/f4/bc/9cfa281020ebb097fc462adea27d7f0a6edf9281f4cef24ea3e60f576a32/fable_library-5.6.0-pp311-pypy311_pp73-musllinux_1_2_aarch64.whl", hash = "sha256:de78c255894ab9008bc17ee5d6923231aacbec42426dbed0447808637bbeb71e", size = 1939843, upload-time = "2026-07-05T12:45:21.477Z" },
    { url = "https://files.pythonhosted.org/packages/1f/ca/d7a12d168a27e9d141d702437ca4f5c0a030ba2826f4b0363f5efac231f2/fable_library-5.6.0-pp311-pypy311_pp73-musllinux_1_2_armv7l.whl", hash = "sha256:ccec0f9aa5d73914fbf92585bf5d5c94dddceedd22ec6e40a4ce57433b276a4f", size = 1998157, upload-time = "2026-07-05T12:45:23.217Z" },
    { url = "https://files.pythonhosted.org/packages/1e/7b/1acefbd90ce193ea377a54d9b5f079527cf3ecfe5fd685492318896ef010/fable_library-5.6.0-pp311-pypy311_pp73-musllinux_1_2_i686.whl", hash = "sha256:e6c1540d6abe7457c171d3bb0d02c2bc0dd17189cf2eb9ffc310413118fe6bfe", size = 2026647, upload-time = "2026-07-05T12:45:25.315Z" },
    { url = "https://files.pythonhosted.org/packages/98/90/ebc2d28c1a237e998f4aded0a01e8e40d373539b11fc7cf7f5a1be1baa5b/fable_library-5.6.0-pp311-pypy311_pp73-musllinux_1_2_x86_64.whl", hash = "sha256:035c42d43d3f13e7687d3e3ff28922cd1d9521180f7ea22d5f7bddce9b8d6671", size = 2034805, upload-time = "2026-07-05T12:45:27.014Z" },
]

[[package]]
name = "openpyxl"
version = "3.1.5"
source = { registry = "https://pypi.org/simple" }
dependencies = [
    { name = "et-xmlfile" },
]
sdist = { url = "https://files.pythonhosted.org/packages/3d/f9/88d94a75de065ea32619465d2f77b29a0469500e99012523b91cc4141cd1/openpyxl-3.1.5.tar.gz", hash = "sha256:cf0e3cf56142039133628b5acffe8ef0c12bc902d2aadd3e0fe5878dc08d1050", size = 186464, upload-time = "2024-06-28T14:03:44.161Z" }
wheels = [
    { url = "https://files.pythonhosted.org/packages/c0/da/977ded879c29cbd04de313843e76868e6e13408a94ed6b987245dc7c8506/openpyxl-3.1.5-py2.py3-none-any.whl", hash = "sha256:5282c12b107bffeef825f4617dc029afaf41d0ea60823bbb665ef3079dc79de2", size = 250910, upload-time = "2024-06-28T14:03:41.161Z" },
]
